
Microsoft Visual Studio Solution File, Format Version 12.00
# Visual Studio Version 17
VisualStudioVersion = 17.3.32901.215
MinimumVisualStudioVersion = 10.0.40219.1
Project("{FAE04EC0-301F-11D3-BF4B-00C04F79EFBC}") = "Pr.11", "Pr.11\Pr.11.csproj", "{83FFBB33-8A83-426E-AE0D-860E82F4A58E}"
EndProject
Global
	GlobalSection(SolutionConfigurationPlatforms) = preSolution
		Debug|Any CPU = Debug|Any CPU
		Release|Any CPU = Release|Any CPU
	EndGlobalSection
	GlobalSection(ProjectConfigurationPlatforms) = postSolution
		{83FFBB33-8A83-426E-AE0D-860E82F4A58E}.Debug|Any CPU.ActiveCfg = Debug|Any CPU
		{83FFBB33-8A83-426E-AE0D-860E82F4A58E}.Debug|Any CPU.Build.0 = Debug|Any CPU
		{83FFBB33-8A83-426E-AE0D-860E82F4A58E}.Release|Any CPU.ActiveCfg = Release|Any CPU
		{83FFBB33-8A83-426E-AE0D-860E82F4A58E}.Release|Any CPU.Build.0 = Release|Any CPU
	EndGlobalSection
	GlobalSection(SolutionProperties) = preSolution
		HideSolutionNode = FALSE
	EndGlobalSection
	GlobalSection(ExtensibilityGlobals) = postSolution
		SolutionGuid = {25DF7BD7-DBF6-479C-82E9-9E357BCCAEF2}
	EndGlobalSection
EndGlobal
